{
  "name": "ngx-overlayscrollbars",
  "version": "0.0.1-beta",
  "lockfileVersion": 1,
  "requires": true,
  "dependencies": {
    "overlayscrollbars": {
      "version": "1.11.0",
      "resolved": "https://registry.npmjs.org/overlayscrollbars/-/overlayscrollbars-1.11.0.tgz",
      "integrity": "sha512-Wdzzfdta5/5Tc77FoibH14Cr34r7op0jh3eI9z1zvz9K4YiRIzNxvNIh3Rbezr8cs4Bn7NTNKzT8OHsJB58CxQ==",
      "dev": true
    }
  }
}
